PODS:
  - FLLogs (0.1.2):
    - XCGLogger (~> 7.0.0)
  - ObjcExceptionBridging (1.0.1):
    - ObjcExceptionBridging/ObjcExceptionBridging (= 1.0.1)
  - ObjcExceptionBridging/ObjcExceptionBridging (1.0.1)
  - XCGLogger (7.0.0):
    - XCGLogger/Core (= 7.0.0)
  - XCGLogger/Core (7.0.0):
    - ObjcExceptionBridging

DEPENDENCIES:
  - FLLogs (from `../`)

SPEC REPOS:
  https://github.com/cocoapods/specs.git:
    - ObjcExceptionBridging
    - XCGLogger

EXTERNAL SOURCES:
  FLLogs:
    :path: "../"

SPEC CHECKSUMS:
  FLLogs: 53291402e04fc772302ff05adb79a4eadec77b07
  ObjcExceptionBridging: c30e00eb3700467e695faeea30e26e18bd445001
  XCGLogger: 0434f15e3909cdc450bb63faf638b8792ab782ab

PODFILE CHECKSUM: 66f65d811ced73c0f0b2d54d981856785973c138

COCOAPODS: 1.7.2
