PODS:
  - FLLogs (0.1.1):
    - XCGLogger (~> 6.1.0)
  - ObjcExceptionBridging (1.0.1):
    - ObjcExceptionBridging/ObjcExceptionBridging (= 1.0.1)
  - ObjcExceptionBridging/ObjcExceptionBridging (1.0.1)
  - XCGLogger (6.1.0):
    - XCGLogger/Core (= 6.1.0)
  - XCGLogger/Core (6.1.0):
    - ObjcExceptionBridging

DEPENDENCIES:
  - FLLogs (from `../`)

SPEC REPOS:
  https://github.com/cocoapods/specs.git:
    - ObjcExceptionBridging
    - XCGLogger

EXTERNAL SOURCES:
  FLLogs:
    :path: "../"

SPEC CHECKSUMS:
  FLLogs: 7326de548618c4b508229053585d780c287c03f3
  ObjcExceptionBridging: c30e00eb3700467e695faeea30e26e18bd445001
  XCGLogger: 7f7f43f15dfe3a305fa1342b7dc29af656289abd

PODFILE CHECKSUM: 86843dea1dd256b22a4e40a7f436447010ec5e39

COCOAPODS: 1.5.3
